
Microsoft Visual Studio Solution File, Format Version 12.00
# Visual Studio Version 17
VisualStudioVersion = 17.9.34723.18
MinimumVisualStudioVersion = 10.0.40219.1
Project("{FAE04EC0-301F-11D3-BF4B-00C04F79EFBC}") = "last chass", "last chass\last chass.csproj", "{672F031A-E14A-4FE0-8429-783AA705E784}"
EndProject
Global
	GlobalSection(SolutionConfigurationPlatforms) = preSolution
		Debug|Any CPU = Debug|Any CPU
		Release|Any CPU = Release|Any CPU
	EndGlobalSection
	GlobalSection(ProjectConfigurationPlatforms) = postSolution
		{672F031A-E14A-4FE0-8429-783AA705E784}.Debug|Any CPU.ActiveCfg = Debug|Any CPU
		{672F031A-E14A-4FE0-8429-783AA705E784}.Debug|Any CPU.Build.0 = Debug|Any CPU
		{672F031A-E14A-4FE0-8429-783AA705E784}.Release|Any CPU.ActiveCfg = Release|Any CPU
		{672F031A-E14A-4FE0-8429-783AA705E784}.Release|Any CPU.Build.0 = Release|Any CPU
	EndGlobalSection
	GlobalSection(SolutionProperties) = preSolution
		HideSolutionNode = FALSE
	EndGlobalSection
	GlobalSection(ExtensibilityGlobals) = postSolution
		SolutionGuid = {DCD3AF5E-78DB-48C8-870A-2A15A937122A}
	EndGlobalSection
EndGlobal
